// !$*UTF8*$!
{
	archiveVersion = 1;
	classes = {
	};
	objectVersion = 56;
	objects = {

/* Begin PBXBuildFile section */
		9359C85F2A8973DA008C6976 /* add_your_recipeApp.swift in Sources */ = {isa = PBXBuildFile; fileRef = 9359C85E2A8973DA008C6976 /* add_your_recipeApp.swift */; };
		9359C8632A8973DB008C6976 /* Assets.xcassets in Resources */ = {isa = PBXBuildFile; fileRef = 9359C8622A8973DB008C6976 /* Assets.xcassets */; };
		9359C8662A8973DB008C6976 /* Preview Assets.xcassets in Resources */ = {isa = PBXBuildFile; fileRef = 9359C8652A8973DB008C6976 /* Preview Assets.xcassets */; };
		9359C8752A8974AE008C6976 /* ContentView.swift in Sources */ = {isa = PBXBuildFile; fileRef = 9359C8742A8974AE008C6976 /* ContentView.swift */; };
		9359C8792A8974CC008C6976 /* HomeView.swift in Sources */ = {isa = PBXBuildFile; fileRef = 9359C8782A8974CC008C6976 /* HomeView.swift */; };
		9359C87B2A8974D7008C6976 /* CategoriesView.swift in Sources */ = {isa = PBXBuildFile; fileRef = 9359C87A2A8974D7008C6976 /* CategoriesView.swift */; };
		9359C87D2A8974E1008C6976 /* NewRecipeView.swift in Sources */ = {isa = PBXBuildFile; fileRef = 9359C87C2A8974E1008C6976 /* NewRecipeView.swift */; };
		9359C87F2A8974EC008C6976 /* FavoritesView.swift in Sources */ = {isa = PBXBuildFile; fileRef = 9359C87E2A8974EC008C6976 /* FavoritesView.swift */; };
		9359C8812A8974F7008C6976 /* SettingsView.swift in Sources */ = {isa = PBXBuildFile; fileRef = 9359C8802A8974F7008C6976 /* SettingsView.swift */; };
		9359C8832A8975A8008C6976 /* TabBar.swift in Sources */ = {isa = PBXBuildFile; fileRef = 9359C8822A8975A8008C6976 /* TabBar.swift */; };
		9359C8852A89765D008C6976 /* RecipeModel.swift in Sources */ = {isa = PBXBuildFile; fileRef = 9359C8842A89765D008C6976 /* RecipeModel.swift */; };
		9359C8872A8976DF008C6976 /* RecipeCard.swift in Sources */ = {isa = PBXBuildFile; fileRef = 9359C8862A8976DF008C6976 /* RecipeCard.swift */; };
		9359C8892A897864008C6976 /* RecipeList.swift in Sources */ = {isa = PBXBuildFile; fileRef = 9359C8882A897864008C6976 /* RecipeList.swift */; };
		9359C88B2A8979EE008C6976 /* RecipeView.swift in Sources */ = {isa = PBXBuildFile; fileRef = 9359C88A2A8979EE008C6976 /* RecipeView.swift */; };
		9359C88D2A897C68008C6976 /* CategoryView.swift in Sources */ = {isa = PBXBuildFile; fileRef = 9359C88C2A897C68008C6976 /* CategoryView.swift */; };
		9359C88F2A897DF1008C6976 /* AddRecipeView.swift in Sources */ = {isa = PBXBuildFile; fileRef = 9359C88E2A897DF1008C6976 /* AddRecipeView.swift */; };
		9359C8932A8981C5008C6976 /* RecipesViewModel.swift in Sources */ = {isa = PBXBuildFile; fileRef = 9359C8922A8981C5008C6976 /* RecipesViewModel.swift */; };
/* End PBXBuildFile section */

/* Begin PBXFileReference section */
		9359C85B2A8973DA008C6976 /* add-your-recipe.app */ = {isa = PBXFileReference; explicitFileType = wrapper.application; includeInIndex = 0; path = "add-your-recipe.app"; sourceTree = BUILT_PRODUCTS_DIR; };
		9359C85E2A8973DA008C6976 /* add_your_recipeApp.swift */ = {isa = PBXFileReference; lastKnownFileType = sourcecode.swift; path = add_your_recipeApp.swift; sourceTree = "<group>"; };
		9359C8622A8973DB008C6976 /* Assets.xcassets */ = {isa = PBXFileReference; lastKnownFileType = folder.assetcatalog; path = Assets.xcassets; sourceTree = "<group>"; };
		9359C8652A8973DB008C6976 /* Preview Assets.xcassets */ = {isa = PBXFileReference; lastKnownFileType = folder.assetcatalog; path = "Preview Assets.xcassets"; sourceTree = "<group>"; };
		9359C8742A8974AE008C6976 /* ContentView.swift */ = {isa = PBXFileReference; lastKnownFileType = sourcecode.swift; path = ContentView.swift; sourceTree = "<group>"; };
		9359C8782A8974CC008C6976 /* HomeView.swift */ = {isa = PBXFileReference; lastKnownFileType = sourcecode.swift; path = HomeView.swift; sourceTree = "<group>"; };
		9359C87A2A8974D7008C6976 /* CategoriesView.swift */ = {isa = PBXFileReference; lastKnownFileType = sourcecode.swift; path = CategoriesView.swift; sourceTree = "<group>"; };
		9359C87C2A8974E1008C6976 /* NewRecipeView.swift */ = {isa = PBXFileReference; lastKnownFileType = sourcecode.swift; path = NewRecipeView.swift; sourceTree = "<group>"; };
		9359C87E2A8974EC008C6976 /* FavoritesView.swift */ = {isa = PBXFileReference; lastKnownFileType = sourcecode.swift; path = FavoritesView.swift; sourceTree = "<group>"; };
		9359C8802A8974F7008C6976 /* SettingsView.swift */ = {isa = PBXFileReference; lastKnownFileType = sourcecode.swift; path = SettingsView.swift; sourceTree = "<group>"; };
		9359C8822A8975A8008C6976 /* TabBar.swift */ = {isa = PBXFileReference; lastKnownFileType = sourcecode.swift; path = TabBar.swift; sourceTree = "<group>"; };
		9359C8842A89765D008C6976 /* RecipeModel.swift */ = {isa = PBXFileReference; lastKnownFileType = sourcecode.swift; path = RecipeModel.swift; sourceTree = "<group>"; };
		9359C8862A8976DF008C6976 /* RecipeCard.swift */ = {isa = PBXFileReference; lastKnownFileType = sourcecode.swift; path = RecipeCard.swift; sourceTree = "<group>"; };
		9359C8882A897864008C6976 /* RecipeList.swift */ = {isa = PBXFileReference; lastKnownFileType = sourcecode.swift; path = RecipeList.swift; sourceTree = "<group>"; };
		9359C88A2A8979EE008C6976 /* RecipeView.swift */ = {isa = PBXFileReference; lastKnownFileType = sourcecode.swift; path = RecipeView.swift; sourceTree = "<group>"; };
		9359C88C2A897C68008C6976 /* CategoryView.swift */ = {isa = PBXFileReference; lastKnownFileType = sourcecode.swift; path = CategoryView.swift; sourceTree = "<group>"; };
		9359C88E2A897DF1008C6976 /* AddRecipeView.swift */ = {isa = PBXFileReference; lastKnownFileType = sourcecode.swift; path = AddRecipeView.swift; sourceTree = "<group>"; };
		9359C8922A8981C5008C6976 /* RecipesViewModel.swift */ = {isa = PBXFileReference; lastKnownFileType = sourcecode.swift; path = RecipesViewModel.swift; sourceTree = "<group>"; };
/* End PBXFileReference section */

/* Begin PBXFrameworksBuildPhase section */
		9359C8582A8973DA008C6976 /* Frameworks */ = {
			isa = PBXFrameworksBuildPhase;
			buildActionMask = 2147483647;
			files = (
			);
			runOnlyForDeploymentPostprocessing = 0;
		};
/* End PBXFrameworksBuildPhase section */

/* Begin PBXGroup section */
		9359C8522A8973DA008C6976 = {
			isa = PBXGroup;
			children = (
				9359C85D2A8973DA008C6976 /* add-your-recipe */,
				9359C85C2A8973DA008C6976 /* Products */,
			);
			sourceTree = "<group>";
		};
		9359C85C2A8973DA008C6976 /* Products */ = {
			isa = PBXGroup;
			children = (
				9359C85B2A8973DA008C6976 /* add-your-recipe.app */,
			);
			name = Products;
			sourceTree = "<group>";
		};
		9359C85D2A8973DA008C6976 /* add-your-recipe */ = {
			isa = PBXGroup;
			children = (
				9359C8712A897456008C6976 /* Models */,
				9359C8702A89744D008C6976 /* ViewModels */,
				9359C86D2A89742F008C6976 /* Views */,
				9359C85E2A8973DA008C6976 /* add_your_recipeApp.swift */,
				9359C8642A8973DB008C6976 /* Preview Content */,
			);
			path = "add-your-recipe";
			sourceTree = "<group>";
		};
		9359C8642A8973DB008C6976 /* Preview Content */ = {
			isa = PBXGroup;
			children = (
				9359C8652A8973DB008C6976 /* Preview Assets.xcassets */,
			);
			path = "Preview Content";
			sourceTree = "<group>";
		};
		9359C86C2A897412008C6976 /* Main */ = {
			isa = PBXGroup;
			children = (
				9359C8742A8974AE008C6976 /* ContentView.swift */,
				9359C8782A8974CC008C6976 /* HomeView.swift */,
				9359C87A2A8974D7008C6976 /* CategoriesView.swift */,
				9359C87C2A8974E1008C6976 /* NewRecipeView.swift */,
				9359C87E2A8974EC008C6976 /* FavoritesView.swift */,
				9359C8802A8974F7008C6976 /* SettingsView.swift */,
				9359C8822A8975A8008C6976 /* TabBar.swift */,
			);
			path = Main;
			sourceTree = "<group>";
		};
		9359C86D2A89742F008C6976 /* Views */ = {
			isa = PBXGroup;
			children = (
				9359C86F2A897444008C6976 /* Components */,
				9359C86E2A89743D008C6976 /* Detail */,
				9359C86C2A897412008C6976 /* Main */,
			);
			path = Views;
			sourceTree = "<group>";
		};
		9359C86E2A89743D008C6976 /* Detail */ = {
			isa = PBXGroup;
			children = (
				9359C88A2A8979EE008C6976 /* RecipeView.swift */,
				9359C88C2A897C68008C6976 /* CategoryView.swift */,
				9359C88E2A897DF1008C6976 /* AddRecipeView.swift */,
			);
			path = Detail;
			sourceTree = "<group>";
		};
		9359C86F2A897444008C6976 /* Components */ = {
			isa = PBXGroup;
			children = (
				9359C8862A8976DF008C6976 /* RecipeCard.swift */,
				9359C8882A897864008C6976 /* RecipeList.swift */,
			);
			path = Components;
			sourceTree = "<group>";
		};
		9359C8702A89744D008C6976 /* ViewModels */ = {
			isa = PBXGroup;
			children = (
				9359C8922A8981C5008C6976 /* RecipesViewModel.swift */,
			);
			path = ViewModels;
			sourceTree = "<group>";
		};
		9359C8712A897456008C6976 /* Models */ = {
			isa = PBXGroup;
			children = (
				9359C8622A8973DB008C6976 /* Assets.xcassets */,
				9359C8842A89765D008C6976 /* RecipeModel.swift */,
			);
			path = Models;
			sourceTree = "<group>";
		};
/* End PBXGroup section */

/* Begin PBXNativeTarget section */
		9359C85A2A8973DA008C6976 /* add-your-recipe */ = {
			isa = PBXNativeTarget;
			buildConfigurationList = 9359C8692A8973DB008C6976 /* Build configuration list for PBXNativeTarget "add-your-recipe" */;
			buildPhases = (
				9359C8572A8973DA008C6976 /* Sources */,
				9359C8582A8973DA008C6976 /* Frameworks */,
				9359C8592A8973DA008C6976 /* Resources */,
			);
			buildRules = (
			);
			dependencies = (
			);
			name = "add-your-recipe";
			productName = "add-your-recipe";
			productReference = 9359C85B2A8973DA008C6976 /* add-your-recipe.app */;
			productType = "com.apple.product-type.application";
		};
/* End PBXNativeTarget section */

/* Begin PBXProject section */
		9359C8532A8973DA008C6976 /* Project object */ = {
			isa = PBXProject;
			attributes = {
				BuildIndependentTargetsInParallel = 1;
				LastSwiftUpdateCheck = 1430;
				LastUpgradeCheck = 1430;
				TargetAttributes = {
					9359C85A2A8973DA008C6976 = {
						CreatedOnToolsVersion = 14.3.1;
					};
				};
			};
			buildConfigurationList = 9359C8562A8973DA008C6976 /* Build configuration list for PBXProject "add-your-recipe" */;
			compatibilityVersion = "Xcode 14.0";
			developmentRegion = en;
			hasScannedForEncodings = 0;
			knownRegions = (
				en,
				Base,
			);
			mainGroup = 9359C8522A8973DA008C6976;
			productRefGroup = 9359C85C2A8973DA008C6976 /* Products */;
			projectDirPath = "";
			projectRoot = "";
			targets = (
				9359C85A2A8973DA008C6976 /* add-your-recipe */,
			);
		};
/* End PBXProject section */

/* Begin PBXResourcesBuildPhase section */
		9359C8592A8973DA008C6976 /* Resources */ = {
			isa = PBXResourcesBuildPhase;
			buildActionMask = 2147483647;
			files = (
				9359C8662A8973DB008C6976 /* Preview Assets.xcassets in Resources */,
				9359C8632A8973DB008C6976 /* Assets.xcassets in Resources */,
			);
			runOnlyForDeploymentPostprocessing = 0;
		};
/* End PBXResourcesBuildPhase section */

/* Begin PBXSourcesBuildPhase section */
		9359C8572A8973DA008C6976 /* Sources */ = {
			isa = PBXSourcesBuildPhase;
			buildActionMask = 2147483647;
			files = (
				9359C88F2A897DF1008C6976 /* AddRecipeView.swift in Sources */,
				9359C8812A8974F7008C6976 /* SettingsView.swift in Sources */,
				9359C8872A8976DF008C6976 /* RecipeCard.swift in Sources */,
				9359C87B2A8974D7008C6976 /* CategoriesView.swift in Sources */,
				9359C87D2A8974E1008C6976 /* NewRecipeView.swift in Sources */,
				9359C8832A8975A8008C6976 /* TabBar.swift in Sources */,
				9359C88D2A897C68008C6976 /* CategoryView.swift in Sources */,
				9359C87F2A8974EC008C6976 /* FavoritesView.swift in Sources */,
				9359C88B2A8979EE008C6976 /* RecipeView.swift in Sources */,
				9359C8892A897864008C6976 /* RecipeList.swift in Sources */,
				9359C8792A8974CC008C6976 /* HomeView.swift in Sources */,
				9359C8752A8974AE008C6976 /* ContentView.swift in Sources */,
				9359C8932A8981C5008C6976 /* RecipesViewModel.swift in Sources */,
				9359C85F2A8973DA008C6976 /* add_your_recipeApp.swift in Sources */,
				9359C8852A89765D008C6976 /* RecipeModel.swift in Sources */,
			);
			runOnlyForDeploymentPostprocessing = 0;
		};
/* End PBXSourcesBuildPhase section */

/* Begin XCBuildConfiguration section */
		9359C8672A8973DB008C6976 /* Debug */ = {
			isa = XCBuildConfiguration;
			buildSettings = {
				ALWAYS_SEARCH_USER_PATHS = NO;
				CLANG_ANALYZER_NONNULL = YES;
				CLANG_ANALYZER_NUMBER_OBJECT_CONVERSION = YES_AGGRESSIVE;
				CLANG_CXX_LANGUAGE_STANDARD = "gnu++20";
				CLANG_ENABLE_MODULES = YES;
				CLANG_ENABLE_OBJC_ARC = YES;
				CLANG_ENABLE_OBJC_WEAK = YES;
				CLANG_WARN_BLOCK_CAPTURE_AUTORELEASING = YES;
				CLANG_WARN_BOOL_CONVERSION = YES;
				CLANG_WARN_COMMA = YES;
				CLANG_WARN_CONSTANT_CONVERSION = YES;
				CLANG_WARN_DEPRECATED_OBJC_IMPLEMENTATIONS = YES;
				CLANG_WARN_DIRECT_OBJC_ISA_USAGE = YES_ERROR;
				CLANG_WARN_DOCUMENTATION_COMMENTS = YES;
				CLANG_WARN_EMPTY_BODY = YES;
				CLANG_WARN_ENUM_CONVERSION = YES;
				CLANG_WARN_INFINITE_RECURSION = YES;
				CLANG_WARN_INT_CONVERSION = YES;
				CLANG_WARN_NON_LITERAL_NULL_CONVERSION = YES;
				CLANG_WARN_OBJC_IMPLICIT_RETAIN_SELF = YES;
				CLANG_WARN_OBJC_LITERAL_CONVERSION = YES;
				CLANG_WARN_OBJC_ROOT_CLASS = YES_ERROR;
				CLANG_WARN_QUOTED_INCLUDE_IN_FRAMEWORK_HEADER = YES;
				CLANG_WARN_RANGE_LOOP_ANALYSIS = YES;
				CLANG_WARN_STRICT_PROTOTYPES = YES;
				CLANG_WARN_SUSPICIOUS_MOVE = YES;
				CLANG_WARN_UNGUARDED_AVAILABILITY = YES_AGGRESSIVE;
				CLANG_WARN_UNREACHABLE_CODE = YES;
				CLANG_WARN__DUPLICATE_METHOD_MATCH = YES;
				COPY_PHASE_STRIP = NO;
				DEBUG_INFORMATION_FORMAT = dwarf;
				ENABLE_STRICT_OBJC_MSGSEND = YES;
				ENABLE_TESTABILITY = YES;
				GCC_C_LANGUAGE_STANDARD = gnu11;
				GCC_DYNAMIC_NO_PIC = NO;
				GCC_NO_COMMON_BLOCKS = YES;
				GCC_OPTIMIZATION_LEVEL = 0;
				GCC_PREPROCESSOR_DEFINITIONS = (
					"DEBUG=1",
					"$(inherited)",
				);
				GCC_WARN_64_TO_32_BIT_CONVERSION = YES;
				GCC_WARN_ABOUT_RETURN_TYPE = YES_ERROR;
				GCC_WARN_UNDECLARED_SELECTOR = YES;
				GCC_WARN_UNINITIALIZED_AUTOS = YES_AGGRESSIVE;
				GCC_WARN_UNUSED_FUNCTION = YES;
				GCC_WARN_UNUSED_VARIABLE = YES;
				IPHONEOS_DEPLOYMENT_TARGET = 16.4;
				MTL_ENABLE_DEBUG_INFO = INCLUDE_SOURCE;
				MTL_FAST_MATH = YES;
				ONLY_ACTIVE_ARCH = YES;
				SDKROOT = iphoneos;
				SWIFT_ACTIVE_COMPILATION_CONDITIONS = DEBUG;
				SWIFT_OPTIMIZATION_LEVEL = "-Onone";
			};
			name = Debug;
		};
		9359C8682A8973DB008C6976 /* Release */ = {
			isa = XCBuildConfiguration;
			buildSettings = {
				ALWAYS_SEARCH_USER_PATHS = NO;
				CLANG_ANALYZER_NONNULL = YES;
				CLANG_ANALYZER_NUMBER_OBJECT_CONVERSION = YES_AGGRESSIVE;
				CLANG_CXX_LANGUAGE_STANDARD = "gnu++20";
				CLANG_ENABLE_MODULES = YES;
				CLANG_ENABLE_OBJC_ARC = YES;
				CLANG_ENABLE_OBJC_WEAK = YES;
				CLANG_WARN_BLOCK_CAPTURE_AUTORELEASING = YES;
				CLANG_WARN_BOOL_CONVERSION = YES;
				CLANG_WARN_COMMA = YES;
				CLANG_WARN_CONSTANT_CONVERSION = YES;
				CLANG_WARN_DEPRECATED_OBJC_IMPLEMENTATIONS = YES;
				CLANG_WARN_DIRECT_OBJC_ISA_USAGE = YES_ERROR;
				CLANG_WARN_DOCUMENTATION_COMMENTS = YES;
				CLANG_WARN_EMPTY_BODY = YES;
				CLANG_WARN_ENUM_CONVERSION = YES;
				CLANG_WARN_INFINITE_RECURSION = YES;
				CLANG_WARN_INT_CONVERSION = YES;
				CLANG_WARN_NON_LITERAL_NULL_CONVERSION = YES;
				CLANG_WARN_OBJC_IMPLICIT_RETAIN_SELF = YES;
				CLANG_WARN_OBJC_LITERAL_CONVERSION = YES;
				CLANG_WARN_OBJC_ROOT_CLASS = YES_ERROR;
				CLANG_WARN_QUOTED_INCLUDE_IN_FRAMEWORK_HEADER = YES;
				CLANG_WARN_RANGE_LOOP_ANALYSIS = YES;
				CLANG_WARN_STRICT_PROTOTYPES = YES;
				CLANG_WARN_SUSPICIOUS_MOVE = YES;
				CLANG_WARN_UNGUARDED_AVAILABILITY = YES_AGGRESSIVE;
				CLANG_WARN_UNREACHABLE_CODE = YES;
				CLANG_WARN__DUPLICATE_METHOD_MATCH = YES;
				COPY_PHASE_STRIP = NO;
				DEBUG_INFORMATION_FORMAT = "dwarf-with-dsym";
				ENABLE_NS_ASSERTIONS = NO;
				ENABLE_STRICT_OBJC_MSGSEND = YES;
				GCC_C_LANGUAGE_STANDARD = gnu11;
				GCC_NO_COMMON_BLOCKS = YES;
				GCC_WARN_64_TO_32_BIT_CONVERSION = YES;
				GCC_WARN_ABOUT_RETURN_TYPE = YES_ERROR;
				GCC_WARN_UNDECLARED_SELECTOR = YES;
				GCC_WARN_UNINITIALIZED_AUTOS = YES_AGGRESSIVE;
				GCC_WARN_UNUSED_FUNCTION = YES;
				GCC_WARN_UNUSED_VARIABLE = YES;
				IPHONEOS_DEPLOYMENT_TARGET = 16.4;
				MTL_ENABLE_DEBUG_INFO = NO;
				MTL_FAST_MATH = YES;
				SDKROOT = iphoneos;
				SWIFT_COMPILATION_MODE = wholemodule;
				SWIFT_OPTIMIZATION_LEVEL = "-O";
				VALIDATE_PRODUCT = YES;
			};
			name = Release;
		};
		9359C86A2A8973DB008C6976 /* Debug */ = {
			isa = XCBuildConfiguration;
			buildSettings = {
				ASSETCATALOG_COMPILER_APPICON_NAME = AppIcon;
				ASSETCATALOG_COMPILER_GLOBAL_ACCENT_COLOR_NAME = AccentColor;
				CODE_SIGN_STYLE = Automatic;
				CURRENT_PROJECT_VERSION = 1;
				DEVELOPMENT_ASSET_PATHS = "\"add-your-recipe/Preview Content\"";
				DEVELOPMENT_TEAM = Q8YYBK7FL8;
				ENABLE_PREVIEWS = YES;
				GENERATE_INFOPLIST_FILE = YES;
				INFOPLIST_KEY_UIApplicationSceneManifest_Generation = YES;
				INFOPLIST_KEY_UIApplicationSupportsIndirectInputEvents = YES;
				INFOPLIST_KEY_UILaunchScreen_Generation = YES;
				INFOPLIST_KEY_UISupportedInterfaceOrientations_iPad = "UIInterfaceOrientationPortrait UIInterfaceOrientationPortraitUpsideDown UIInterfaceOrientationLandscapeLeft UIInterfaceOrientationLandscapeRight";
				INFOPLIST_KEY_UISupportedInterfaceOrientations_iPhone = "UIInterfaceOrientationPortrait UIInterfaceOrientationLandscapeLeft UIInterfaceOrientationLandscapeRight";
				LD_RUNPATH_SEARCH_PATHS = (
					"$(inherited)",
					"@executable_path/Frameworks",
				);
				MARKETING_VERSION = 1.0;
				PRODUCT_BUNDLE_IDENTIFIER = "com.kaungminkhant.add-your-recipe";
				PRODUCT_NAME = "$(TARGET_NAME)";
				SWIFT_EMIT_LOC_STRINGS = YES;
				SWIFT_VERSION = 5.0;
				TARGETED_DEVICE_FAMILY = "1,2";
			};
			name = Debug;
		};
		9359C86B2A8973DB008C6976 /* Release */ = {
			isa = XCBuildConfiguration;
			buildSettings = {
				ASSETCATALOG_COMPILER_APPICON_NAME = AppIcon;
				ASSETCATALOG_COMPILER_GLOBAL_ACCENT_COLOR_NAME = AccentColor;
				CODE_SIGN_STYLE = Automatic;
				CURRENT_PROJECT_VERSION = 1;
				DEVELOPMENT_ASSET_PATHS = "\"add-your-recipe/Preview Content\"";
				DEVELOPMENT_TEAM = Q8YYBK7FL8;
				ENABLE_PREVIEWS = YES;
				GENERATE_INFOPLIST_FILE = YES;
				INFOPLIST_KEY_UIApplicationSceneManifest_Generation = YES;
				INFOPLIST_KEY_UIApplicationSupportsIndirectInputEvents = YES;
				INFOPLIST_KEY_UILaunchScreen_Generation = YES;
				INFOPLIST_KEY_UISupportedInterfaceOrientations_iPad = "UIInterfaceOrientationPortrait UIInterfaceOrientationPortraitUpsideDown UIInterfaceOrientationLandscapeLeft UIInterfaceOrientationLandscapeRight";
				INFOPLIST_KEY_UISupportedInterfaceOrientations_iPhone = "UIInterfaceOrientationPortrait UIInterfaceOrientationLandscapeLeft UIInterfaceOrientationLandscapeRight";
				LD_RUNPATH_SEARCH_PATHS = (
					"$(inherited)",
					"@executable_path/Frameworks",
				);
				MARKETING_VERSION = 1.0;
				PRODUCT_BUNDLE_IDENTIFIER = "com.kaungminkhant.add-your-recipe";
				PRODUCT_NAME = "$(TARGET_NAME)";
				SWIFT_EMIT_LOC_STRINGS = YES;
				SWIFT_VERSION = 5.0;
				TARGETED_DEVICE_FAMILY = "1,2";
			};
			name = Release;
		};
/* End XCBuildConfiguration section */

/* Begin XCConfigurationList section */
		9359C8562A8973DA008C6976 /* Build configuration list for PBXProject "add-your-recipe" */ = {
			isa = XCConfigurationList;
			buildConfigurations = (
				9359C8672A8973DB008C6976 /* Debug */,
				9359C8682A8973DB008C6976 /* Release */,
			);
			defaultConfigurationIsVisible = 0;
			defaultConfigurationName = Release;
		};
		9359C8692A8973DB008C6976 /* Build configuration list for PBXNativeTarget "add-your-recipe" */ = {
			isa = XCConfigurationList;
			buildConfigurations = (
				9359C86A2A8973DB008C6976 /* Debug */,
				9359C86B2A8973DB008C6976 /* Release */,
			);
			defaultConfigurationIsVisible = 0;
			defaultConfigurationName = Release;
		};
/* End XCConfigurationList section */
	};
	rootObject = 9359C8532A8973DA008C6976 /* Project object */;
}
